
Microsoft Visual Studio Solution File, Format Version 12.00
# Visual Studio 15
VisualStudioVersion = 15.0.26124.0
MinimumVisualStudioVersion = 15.0.26124.0
Project("{FAE04EC0-301F-11D3-BF4B-00C04F79EFBC}") = "Framework.Auth", "Framework.Auth\Framework.Auth.csproj", "{60283D00-BA16-41A8-9690-5A6D647363BE}"
EndProject
Project("{FAE04EC0-301F-11D3-BF4B-00C04F79EFBC}") = "Framework.HTTP", "Framework.HTTP\Framework.HTTP.csproj", "{484021BE-3977-47F8-986B-1A10EE1354CF}"
EndProject
Project("{FAE04EC0-301F-11D3-BF4B-00C04F79EFBC}") = "Framework.MongoDb", "Framework.MongoDb\Framework.MongoDb.csproj", "{6F4C2287-E2AD-4FBD-9A56-BB9B54B1E66A}"
EndProject
Project("{FAE04EC0-301F-11D3-BF4B-00C04F79EFBC}") = "Framework.PostgreSQL", "Framework.PostgreSQL\Framework.PostgreSQL.csproj", "{6B9B3B24-F509-4992-B3F9-CCBA07974584}"
EndProject
Project("{FAE04EC0-301F-11D3-BF4B-00C04F79EFBC}") = "Framework.Sql", "Framework.Sql\Framework.Sql.csproj", "{1464CA8F-4F70-498A-80E1-B2B7DD7E6FEB}"
EndProject
Project("{FAE04EC0-301F-11D3-BF4B-00C04F79EFBC}") = "Framework.Swagger", "Framework.Swagger\Framework.Swagger.csproj", "{7ED457AE-F742-4E61-B6E0-F8720C4BEC16}"
EndProject
Project("{FAE04EC0-301F-11D3-BF4B-00C04F79EFBC}") = "Framework", "Framework\Framework.csproj", "{1E2156C3-9509-403A-B1B4-BA368749C48F}"
EndProject
Global
	GlobalSection(SolutionConfigurationPlatforms) = preSolution
		Debug|Any CPU = Debug|Any CPU
		Debug|x64 = Debug|x64
		Debug|x86 = Debug|x86
		Release|Any CPU = Release|Any CPU
		Release|x64 = Release|x64
		Release|x86 = Release|x86
	EndGlobalSection
	GlobalSection(SolutionProperties) = preSolution
		HideSolutionNode = FALSE
	EndGlobalSection
	GlobalSection(ProjectConfigurationPlatforms) = postSolution
		{60283D00-BA16-41A8-9690-5A6D647363BE}.Debug|Any CPU.ActiveCfg = Debug|Any CPU
		{60283D00-BA16-41A8-9690-5A6D647363BE}.Debug|Any CPU.Build.0 = Debug|Any CPU
		{60283D00-BA16-41A8-9690-5A6D647363BE}.Debug|x64.ActiveCfg = Debug|Any CPU
		{60283D00-BA16-41A8-9690-5A6D647363BE}.Debug|x64.Build.0 = Debug|Any CPU
		{60283D00-BA16-41A8-9690-5A6D647363BE}.Debug|x86.ActiveCfg = Debug|Any CPU
		{60283D00-BA16-41A8-9690-5A6D647363BE}.Debug|x86.Build.0 = Debug|Any CPU
		{60283D00-BA16-41A8-9690-5A6D647363BE}.Release|Any CPU.ActiveCfg = Release|Any CPU
		{60283D00-BA16-41A8-9690-5A6D647363BE}.Release|Any CPU.Build.0 = Release|Any CPU
		{60283D00-BA16-41A8-9690-5A6D647363BE}.Release|x64.ActiveCfg = Release|Any CPU
		{60283D00-BA16-41A8-9690-5A6D647363BE}.Release|x64.Build.0 = Release|Any CPU
		{60283D00-BA16-41A8-9690-5A6D647363BE}.Release|x86.ActiveCfg = Release|Any CPU
		{60283D00-BA16-41A8-9690-5A6D647363BE}.Release|x86.Build.0 = Release|Any CPU
		{484021BE-3977-47F8-986B-1A10EE1354CF}.Debug|Any CPU.ActiveCfg = Debug|Any CPU
		{484021BE-3977-47F8-986B-1A10EE1354CF}.Debug|Any CPU.Build.0 = Debug|Any CPU
		{484021BE-3977-47F8-986B-1A10EE1354CF}.Debug|x64.ActiveCfg = Debug|Any CPU
		{484021BE-3977-47F8-986B-1A10EE1354CF}.Debug|x64.Build.0 = Debug|Any CPU
		{484021BE-3977-47F8-986B-1A10EE1354CF}.Debug|x86.ActiveCfg = Debug|Any CPU
		{484021BE-3977-47F8-986B-1A10EE1354CF}.Debug|x86.Build.0 = Debug|Any CPU
		{484021BE-3977-47F8-986B-1A10EE1354CF}.Release|Any CPU.ActiveCfg = Release|Any CPU
		{484021BE-3977-47F8-986B-1A10EE1354CF}.Release|Any CPU.Build.0 = Release|Any CPU
		{484021BE-3977-47F8-986B-1A10EE1354CF}.Release|x64.ActiveCfg = Release|Any CPU
		{484021BE-3977-47F8-986B-1A10EE1354CF}.Release|x64.Build.0 = Release|Any CPU
		{484021BE-3977-47F8-986B-1A10EE1354CF}.Release|x86.ActiveCfg = Release|Any CPU
		{484021BE-3977-47F8-986B-1A10EE1354CF}.Release|x86.Build.0 = Release|Any CPU
		{6F4C2287-E2AD-4FBD-9A56-BB9B54B1E66A}.Debug|Any CPU.ActiveCfg = Debug|Any CPU
		{6F4C2287-E2AD-4FBD-9A56-BB9B54B1E66A}.Debug|Any CPU.Build.0 = Debug|Any CPU
		{6F4C2287-E2AD-4FBD-9A56-BB9B54B1E66A}.Debug|x64.ActiveCfg = Debug|Any CPU
		{6F4C2287-E2AD-4FBD-9A56-BB9B54B1E66A}.Debug|x64.Build.0 = Debug|Any CPU
		{6F4C2287-E2AD-4FBD-9A56-BB9B54B1E66A}.Debug|x86.ActiveCfg = Debug|Any CPU
		{6F4C2287-E2AD-4FBD-9A56-BB9B54B1E66A}.Debug|x86.Build.0 = Debug|Any CPU
		{6F4C2287-E2AD-4FBD-9A56-BB9B54B1E66A}.Release|Any CPU.ActiveCfg = Release|Any CPU
		{6F4C2287-E2AD-4FBD-9A56-BB9B54B1E66A}.Release|Any CPU.Build.0 = Release|Any CPU
		{6F4C2287-E2AD-4FBD-9A56-BB9B54B1E66A}.Release|x64.ActiveCfg = Release|Any CPU
		{6F4C2287-E2AD-4FBD-9A56-BB9B54B1E66A}.Release|x64.Build.0 = Release|Any CPU
		{6F4C2287-E2AD-4FBD-9A56-BB9B54B1E66A}.Release|x86.ActiveCfg = Release|Any CPU
		{6F4C2287-E2AD-4FBD-9A56-BB9B54B1E66A}.Release|x86.Build.0 = Release|Any CPU
		{6B9B3B24-F509-4992-B3F9-CCBA07974584}.Debug|Any CPU.ActiveCfg = Debug|Any CPU
		{6B9B3B24-F509-4992-B3F9-CCBA07974584}.Debug|Any CPU.Build.0 = Debug|Any CPU
		{6B9B3B24-F509-4992-B3F9-CCBA07974584}.Debug|x64.ActiveCfg = Debug|Any CPU
		{6B9B3B24-F509-4992-B3F9-CCBA07974584}.Debug|x64.Build.0 = Debug|Any CPU
		{6B9B3B24-F509-4992-B3F9-CCBA07974584}.Debug|x86.ActiveCfg = Debug|Any CPU
		{6B9B3B24-F509-4992-B3F9-CCBA07974584}.Debug|x86.Build.0 = Debug|Any CPU
		{6B9B3B24-F509-4992-B3F9-CCBA07974584}.Release|Any CPU.ActiveCfg = Release|Any CPU
		{6B9B3B24-F509-4992-B3F9-CCBA07974584}.Release|Any CPU.Build.0 = Release|Any CPU
		{6B9B3B24-F509-4992-B3F9-CCBA07974584}.Release|x64.ActiveCfg = Release|Any CPU
		{6B9B3B24-F509-4992-B3F9-CCBA07974584}.Release|x64.Build.0 = Release|Any CPU
		{6B9B3B24-F509-4992-B3F9-CCBA07974584}.Release|x86.ActiveCfg = Release|Any CPU
		{6B9B3B24-F509-4992-B3F9-CCBA07974584}.Release|x86.Build.0 = Release|Any CPU
		{1464CA8F-4F70-498A-80E1-B2B7DD7E6FEB}.Debug|Any CPU.ActiveCfg = Debug|Any CPU
		{1464CA8F-4F70-498A-80E1-B2B7DD7E6FEB}.Debug|Any CPU.Build.0 = Debug|Any CPU
		{1464CA8F-4F70-498A-80E1-B2B7DD7E6FEB}.Debug|x64.ActiveCfg = Debug|Any CPU
		{1464CA8F-4F70-498A-80E1-B2B7DD7E6FEB}.Debug|x64.Build.0 = Debug|Any CPU
		{1464CA8F-4F70-498A-80E1-B2B7DD7E6FEB}.Debug|x86.ActiveCfg = Debug|Any CPU
		{1464CA8F-4F70-498A-80E1-B2B7DD7E6FEB}.Debug|x86.Build.0 = Debug|Any CPU
		{1464CA8F-4F70-498A-80E1-B2B7DD7E6FEB}.Release|Any CPU.ActiveCfg = Release|Any CPU
		{1464CA8F-4F70-498A-80E1-B2B7DD7E6FEB}.Release|Any CPU.Build.0 = Release|Any CPU
		{1464CA8F-4F70-498A-80E1-B2B7DD7E6FEB}.Release|x64.ActiveCfg = Release|Any CPU
		{1464CA8F-4F70-498A-80E1-B2B7DD7E6FEB}.Release|x64.Build.0 = Release|Any CPU
		{1464CA8F-4F70-498A-80E1-B2B7DD7E6FEB}.Release|x86.ActiveCfg = Release|Any CPU
		{1464CA8F-4F70-498A-80E1-B2B7DD7E6FEB}.Release|x86.Build.0 = Release|Any CPU
		{7ED457AE-F742-4E61-B6E0-F8720C4BEC16}.Debug|Any CPU.ActiveCfg = Debug|Any CPU
		{7ED457AE-F742-4E61-B6E0-F8720C4BEC16}.Debug|Any CPU.Build.0 = Debug|Any CPU
		{7ED457AE-F742-4E61-B6E0-F8720C4BEC16}.Debug|x64.ActiveCfg = Debug|Any CPU
		{7ED457AE-F742-4E61-B6E0-F8720C4BEC16}.Debug|x64.Build.0 = Debug|Any CPU
		{7ED457AE-F742-4E61-B6E0-F8720C4BEC16}.Debug|x86.ActiveCfg = Debug|Any CPU
		{7ED457AE-F742-4E61-B6E0-F8720C4BEC16}.Debug|x86.Build.0 = Debug|Any CPU
		{7ED457AE-F742-4E61-B6E0-F8720C4BEC16}.Release|Any CPU.ActiveCfg = Release|Any CPU
		{7ED457AE-F742-4E61-B6E0-F8720C4BEC16}.Release|Any CPU.Build.0 = Release|Any CPU
		{7ED457AE-F742-4E61-B6E0-F8720C4BEC16}.Release|x64.ActiveCfg = Release|Any CPU
		{7ED457AE-F742-4E61-B6E0-F8720C4BEC16}.Release|x64.Build.0 = Release|Any CPU
		{7ED457AE-F742-4E61-B6E0-F8720C4BEC16}.Release|x86.ActiveCfg = Release|Any CPU
		{7ED457AE-F742-4E61-B6E0-F8720C4BEC16}.Release|x86.Build.0 = Release|Any CPU
		{1E2156C3-9509-403A-B1B4-BA368749C48F}.Debug|Any CPU.ActiveCfg = Debug|Any CPU
		{1E2156C3-9509-403A-B1B4-BA368749C48F}.Debug|Any CPU.Build.0 = Debug|Any CPU
		{1E2156C3-9509-403A-B1B4-BA368749C48F}.Debug|x64.ActiveCfg = Debug|Any CPU
		{1E2156C3-9509-403A-B1B4-BA368749C48F}.Debug|x64.Build.0 = Debug|Any CPU
		{1E2156C3-9509-403A-B1B4-BA368749C48F}.Debug|x86.ActiveCfg = Debug|Any CPU
		{1E2156C3-9509-403A-B1B4-BA368749C48F}.Debug|x86.Build.0 = Debug|Any CPU
		{1E2156C3-9509-403A-B1B4-BA368749C48F}.Release|Any CPU.ActiveCfg = Release|Any CPU
		{1E2156C3-9509-403A-B1B4-BA368749C48F}.Release|Any CPU.Build.0 = Release|Any CPU
		{1E2156C3-9509-403A-B1B4-BA368749C48F}.Release|x64.ActiveCfg = Release|Any CPU
		{1E2156C3-9509-403A-B1B4-BA368749C48F}.Release|x64.Build.0 = Release|Any CPU
		{1E2156C3-9509-403A-B1B4-BA368749C48F}.Release|x86.ActiveCfg = Release|Any CPU
		{1E2156C3-9509-403A-B1B4-BA368749C48F}.Release|x86.Build.0 = Release|Any CPU
	EndGlobalSection
EndGlobal
